// !$*UTF8*$!
{
	archiveVersion = 1;
	classes = {
	};
	objectVersion = 46;
	objects = {

/* Begin PBXBuildFile section */
		F0DEACBA1AB12AD80018F258 /* main.m in Sources */ = {isa = PBXBuildFile; fileRef = F0DEACB91AB12AD80018F258 /* main.m */; };
		F0DEACBD1AB12AD80018F258 /* AppDelegate.m in Sources */ = {isa = PBXBuildFile; fileRef = F0DEACBC1AB12AD80018F258 /* AppDelegate.m */; };
		F0DEACC01AB12AD80018F258 /* ViewController.m in Sources */ = {isa = PBXBuildFile; fileRef = F0DEACBF1AB12AD80018F258 /* ViewController.m */; };
		F0DEACC31AB12AD80018F258 /* Main.storyboard in Resources */ = {isa = PBXBuildFile; fileRef = F0DEACC11AB12AD80018F258 /* Main.storyboard */; };
		F0DEACC51AB12AD80018F258 /* Images.xcassets in Resources */ = {isa = PBXBuildFile; fileRef = F0DEACC41AB12AD80018F258 /* Images.xcassets */; };
		F0DEACC81AB12AD80018F258 /* LaunchScreen.xib in Resources */ = {isa = PBXBuildFile; fileRef = F0DEACC61AB12AD80018F258 /* LaunchScreen.xib */; };
		F0DEACD41AB12AD80018F258 /* demoTests.m in Sources */ = {isa = PBXBuildFile; fileRef = F0DEACD31AB12AD80018F258 /* demoTests.m */; };
		F0DEACE71AB12B0C0018F258 /* BaseModuleView.m in Sources */ = {isa = PBXBuildFile; fileRef = F0DEACDF1AB12B0C0018F258 /* BaseModuleView.m */; };
		F0DEACE81AB12B0C0018F258 /* VerifyCodeForm.m in Sources */ = {isa = PBXBuildFile; fileRef = F0DEACE11AB12B0C0018F258 /* VerifyCodeForm.m */; };
		F0DEACE91AB12B0C0018F258 /* VerifyCodeForm.xib in Resources */ = {isa = PBXBuildFile; fileRef = F0DEACE21AB12B0C0018F258 /* VerifyCodeForm.xib */; };
		F0DEACEA1AB12B0C0018F258 /* VerifyCodeInfo.m in Sources */ = {isa = PBXBuildFile; fileRef = F0DEACE41AB12B0C0018F258 /* VerifyCodeInfo.m */; };
		F0DEACEB1AB12B0C0018F258 /* VerifyCodeView.m in Sources */ = {isa = PBXBuildFile; fileRef = F0DEACE61AB12B0C0018F258 /* VerifyCodeView.m */; };
/* End PBXBuildFile section */

/* Begin PBXContainerItemProxy section */
		F0DEACCE1AB12AD80018F258 /* PBXContainerItemProxy */ = {
			isa = PBXContainerItemProxy;
			containerPortal = F0DEACAC1AB12AD80018F258 /* Project object */;
			proxyType = 1;
			remoteGlobalIDString = F0DEACB31AB12AD80018F258;
			remoteInfo = demo;
		};
/* End PBXContainerItemProxy section */

/* Begin PBXFileReference section */
		F0DEACB41AB12AD80018F258 /* demo.app */ = {isa = PBXFileReference; explicitFileType = wrapper.application; includeInIndex = 0; path = demo.app; sourceTree = BUILT_PRODUCTS_DIR; };
		F0DEACB81AB12AD80018F258 /* Info.plist */ = {isa = PBXFileReference; lastKnownFileType = text.plist.xml; path = Info.plist; sourceTree = "<group>"; };
		F0DEACB91AB12AD80018F258 /* main.m */ = {isa = PBXFileReference; lastKnownFileType = sourcecode.c.objc; path = main.m; sourceTree = "<group>"; };
		F0DEACBB1AB12AD80018F258 /* AppDelegate.h */ = {isa = PBXFileReference; lastKnownFileType = sourcecode.c.h; path = AppDelegate.h; sourceTree = "<group>"; };
		F0DEACBC1AB12AD80018F258 /* AppDelegate.m */ = {isa = PBXFileReference; lastKnownFileType = sourcecode.c.objc; path = AppDelegate.m; sourceTree = "<group>"; };
		F0DEACBE1AB12AD80018F258 /* ViewController.h */ = {isa = PBXFileReference; lastKnownFileType = sourcecode.c.h; path = ViewController.h; sourceTree = "<group>"; };
		F0DEACBF1AB12AD80018F258 /* ViewController.m */ = {isa = PBXFileReference; lastKnownFileType = sourcecode.c.objc; path = ViewController.m; sourceTree = "<group>"; };
		F0DEACC21AB12AD80018F258 /* Base */ = {isa = PBXFileReference; lastKnownFileType = file.storyboard; name = Base; path = Base.lproj/Main.storyboard; sourceTree = "<group>"; };
		F0DEACC41AB12AD80018F258 /* Images.xcassets */ = {isa = PBXFileReference; lastKnownFileType = folder.assetcatalog; path = Images.xcassets; sourceTree = "<group>"; };
		F0DEACC71AB12AD80018F258 /* Base */ = {isa = PBXFileReference; lastKnownFileType = file.xib; name = Base; path = Base.lproj/LaunchScreen.xib; sourceTree = "<group>"; };
		F0DEACCD1AB12AD80018F258 /* demoTests.xctest */ = {isa = PBXFileReference; explicitFileType = wrapper.cfbundle; includeInIndex = 0; path = demoTests.xctest; sourceTree = BUILT_PRODUCTS_DIR; };
		F0DEACD21AB12AD80018F258 /* Info.plist */ = {isa = PBXFileReference; lastKnownFileType = text.plist.xml; path = Info.plist; sourceTree = "<group>"; };
		F0DEACD31AB12AD80018F258 /* demoTests.m */ = {isa = PBXFileReference; lastKnownFileType = sourcecode.c.objc; path = demoTests.m; sourceTree = "<group>"; };
		F0DEACDE1AB12B0C0018F258 /* BaseModuleView.h */ = {isa = PBXFileReference; fileEncoding = 4; lastKnownFileType = sourcecode.c.h; path = BaseModuleView.h; sourceTree = "<group>"; };
		F0DEACDF1AB12B0C0018F258 /* BaseModuleView.m */ = {isa = PBXFileReference; fileEncoding = 4; lastKnownFileType = sourcecode.c.objc; path = BaseModuleView.m; sourceTree = "<group>"; };
		F0DEACE01AB12B0C0018F258 /* VerifyCodeForm.h */ = {isa = PBXFileReference; fileEncoding = 4; lastKnownFileType = sourcecode.c.h; path = VerifyCodeForm.h; sourceTree = "<group>"; };
		F0DEACE11AB12B0C0018F258 /* VerifyCodeForm.m */ = {isa = PBXFileReference; fileEncoding = 4; lastKnownFileType = sourcecode.c.objc; path = VerifyCodeForm.m; sourceTree = "<group>"; };
		F0DEACE21AB12B0C0018F258 /* VerifyCodeForm.xib */ = {isa = PBXFileReference; fileEncoding = 4; lastKnownFileType = file.xib; path = VerifyCodeForm.xib; sourceTree = "<group>"; };
		F0DEACE31AB12B0C0018F258 /* VerifyCodeInfo.h */ = {isa = PBXFileReference; fileEncoding = 4; lastKnownFileType = sourcecode.c.h; path = VerifyCodeInfo.h; sourceTree = "<group>"; };
		F0DEACE41AB12B0C0018F258 /* VerifyCodeInfo.m */ = {isa = PBXFileReference; fileEncoding = 4; lastKnownFileType = sourcecode.c.objc; path = VerifyCodeInfo.m; sourceTree = "<group>"; };
		F0DEACE51AB12B0C0018F258 /* VerifyCodeView.h */ = {isa = PBXFileReference; fileEncoding = 4; lastKnownFileType = sourcecode.c.h; path = VerifyCodeView.h; sourceTree = "<group>"; };
		F0DEACE61AB12B0C0018F258 /* VerifyCodeView.m */ = {isa = PBXFileReference; fileEncoding = 4; lastKnownFileType = sourcecode.c.objc; path = VerifyCodeView.m; sourceTree = "<group>"; };
/* End PBXFileReference section */

/* Begin PBXFrameworksBuildPhase section */
		F0DEACB11AB12AD80018F258 /* Frameworks */ = {
			isa = PBXFrameworksBuildPhase;
			buildActionMask = 2147483647;
			files = (
			);
			runOnlyForDeploymentPostprocessing = 0;
		};
		F0DEACCA1AB12AD80018F258 /* Frameworks */ = {
			isa = PBXFrameworksBuildPhase;
			buildActionMask = 2147483647;
			files = (
			);
			runOnlyForDeploymentPostprocessing = 0;
		};
/* End PBXFrameworksBuildPhase section */

/* Begin PBXGroup section */
		F0DEACAB1AB12AD80018F258 = {
			isa = PBXGroup;
			children = (
				F0DEACB61AB12AD80018F258 /* demo */,
				F0DEACD01AB12AD80018F258 /* demoTests */,
				F0DEACB51AB12AD80018F258 /* Products */,
			);
			sourceTree = "<group>";
		};
		F0DEACB51AB12AD80018F258 /* Products */ = {
			isa = PBXGroup;
			children = (
				F0DEACB41AB12AD80018F258 /* demo.app */,
				F0DEACCD1AB12AD80018F258 /* demoTests.xctest */,
			);
			name = Products;
			sourceTree = "<group>";
		};
		F0DEACB61AB12AD80018F258 /* demo */ = {
			isa = PBXGroup;
			children = (
				F0DEACDD1AB12B0C0018F258 /* classes */,
				F0DEACBB1AB12AD80018F258 /* AppDelegate.h */,
				F0DEACBC1AB12AD80018F258 /* AppDelegate.m */,
				F0DEACBE1AB12AD80018F258 /* ViewController.h */,
				F0DEACBF1AB12AD80018F258 /* ViewController.m */,
				F0DEACC11AB12AD80018F258 /* Main.storyboard */,
				F0DEACC41AB12AD80018F258 /* Images.xcassets */,
				F0DEACC61AB12AD80018F258 /* LaunchScreen.xib */,
				F0DEACB71AB12AD80018F258 /* Supporting Files */,
			);
			path = demo;
			sourceTree = "<group>";
		};
		F0DEACB71AB12AD80018F258 /* Supporting Files */ = {
			isa = PBXGroup;
			children = (
				F0DEACB81AB12AD80018F258 /* Info.plist */,
				F0DEACB91AB12AD80018F258 /* main.m */,
			);
			name = "Supporting Files";
			sourceTree = "<group>";
		};
		F0DEACD01AB12AD80018F258 /* demoTests */ = {
			isa = PBXGroup;
			children = (
				F0DEACD31AB12AD80018F258 /* demoTests.m */,
				F0DEACD11AB12AD80018F258 /* Supporting Files */,
			);
			path = demoTests;
			sourceTree = "<group>";
		};
		F0DEACD11AB12AD80018F258 /* Supporting Files */ = {
			isa = PBXGroup;
			children = (
				F0DEACD21AB12AD80018F258 /* Info.plist */,
			);
			name = "Supporting Files";
			sourceTree = "<group>";
		};
		F0DEACDD1AB12B0C0018F258 /* classes */ = {
			isa = PBXGroup;
			children = (
				F0DEACDE1AB12B0C0018F258 /* BaseModuleView.h */,
				F0DEACDF1AB12B0C0018F258 /* BaseModuleView.m */,
				F0DEACE01AB12B0C0018F258 /* VerifyCodeForm.h */,
				F0DEACE11AB12B0C0018F258 /* VerifyCodeForm.m */,
				F0DEACE21AB12B0C0018F258 /* VerifyCodeForm.xib */,
				F0DEACE31AB12B0C0018F258 /* VerifyCodeInfo.h */,
				F0DEACE41AB12B0C0018F258 /* VerifyCodeInfo.m */,
				F0DEACE51AB12B0C0018F258 /* VerifyCodeView.h */,
				F0DEACE61AB12B0C0018F258 /* VerifyCodeView.m */,
			);
			name = classes;
			path = ../../classes;
			sourceTree = "<group>";
		};
/* End PBXGroup section */

/* Begin PBXNativeTarget section */
		F0DEACB31AB12AD80018F258 /* demo */ = {
			isa = PBXNativeTarget;
			buildConfigurationList = F0DEACD71AB12AD80018F258 /* Build configuration list for PBXNativeTarget "demo" */;
			buildPhases = (
				F0DEACB01AB12AD80018F258 /* Sources */,
				F0DEACB11AB12AD80018F258 /* Frameworks */,
				F0DEACB21AB12AD80018F258 /* Resources */,
			);
			buildRules = (
			);
			dependencies = (
			);
			name = demo;
			productName = demo;
			productReference = F0DEACB41AB12AD80018F258 /* demo.app */;
			productType = "com.apple.product-type.application";
		};
		F0DEACCC1AB12AD80018F258 /* demoTests */ = {
			isa = PBXNativeTarget;
			buildConfigurationList = F0DEACDA1AB12AD80018F258 /* Build configuration list for PBXNativeTarget "demoTests" */;
			buildPhases = (
				F0DEACC91AB12AD80018F258 /* Sources */,
				F0DEACCA1AB12AD80018F258 /* Frameworks */,
				F0DEACCB1AB12AD80018F258 /* Resources */,
			);
			buildRules = (
			);
			dependencies = (
				F0DEACCF1AB12AD80018F258 /* PBXTargetDependency */,
			);
			name = demoTests;
			productName = demoTests;
			productReference = F0DEACCD1AB12AD80018F258 /* demoTests.xctest */;
			productType = "com.apple.product-type.bundle.unit-test";
		};
/* End PBXNativeTarget section */

/* Begin PBXProject section */
		F0DEACAC1AB12AD80018F258 /* Project object */ = {
			isa = PBXProject;
			attributes = {
				LastUpgradeCheck = 0610;
				ORGANIZATIONNAME = shaw;
				TargetAttributes = {
					F0DEACB31AB12AD80018F258 = {
						CreatedOnToolsVersion = 6.1;
					};
					F0DEACCC1AB12AD80018F258 = {
						CreatedOnToolsVersion = 6.1;
						TestTargetID = F0DEACB31AB12AD80018F258;
					};
				};
			};
			buildConfigurationList = F0DEACAF1AB12AD80018F258 /* Build configuration list for PBXProject "demo" */;
			compatibilityVersion = "Xcode 3.2";
			developmentRegion = English;
			hasScannedForEncodings = 0;
			knownRegions = (
				en,
				Base,
			);
			mainGroup = F0DEACAB1AB12AD80018F258;
			productRefGroup = F0DEACB51AB12AD80018F258 /* Products */;
			projectDirPath = "";
			projectRoot = "";
			targets = (
				F0DEACB31AB12AD80018F258 /* demo */,
				F0DEACCC1AB12AD80018F258 /* demoTests */,
			);
		};
/* End PBXProject section */

/* Begin PBXResourcesBuildPhase section */
		F0DEACB21AB12AD80018F258 /* Resources */ = {
			isa = PBXResourcesBuildPhase;
			buildActionMask = 2147483647;
			files = (
				F0DEACC31AB12AD80018F258 /* Main.storyboard in Resources */,
				F0DEACC81AB12AD80018F258 /* LaunchScreen.xib in Resources */,
				F0DEACC51AB12AD80018F258 /* Images.xcassets in Resources */,
				F0DEACE91AB12B0C0018F258 /* VerifyCodeForm.xib in Resources */,
			);
			runOnlyForDeploymentPostprocessing = 0;
		};
		F0DEACCB1AB12AD80018F258 /* Resources */ = {
			isa = PBXResourcesBuildPhase;
			buildActionMask = 2147483647;
			files = (
			);
			runOnlyForDeploymentPostprocessing = 0;
		};
/* End PBXResourcesBuildPhase section */

/* Begin PBXSourcesBuildPhase section */
		F0DEACB01AB12AD80018F258 /* Sources */ = {
			isa = PBXSourcesBuildPhase;
			buildActionMask = 2147483647;
			files = (
				F0DEACC01AB12AD80018F258 /* ViewController.m in Sources */,
				F0DEACBD1AB12AD80018F258 /* AppDelegate.m in Sources */,
				F0DEACEB1AB12B0C0018F258 /* VerifyCodeView.m in Sources */,
				F0DEACE81AB12B0C0018F258 /* VerifyCodeForm.m in Sources */,
				F0DEACEA1AB12B0C0018F258 /* VerifyCodeInfo.m in Sources */,
				F0DEACBA1AB12AD80018F258 /* main.m in Sources */,
				F0DEACE71AB12B0C0018F258 /* BaseModuleView.m in Sources */,
			);
			runOnlyForDeploymentPostprocessing = 0;
		};
		F0DEACC91AB12AD80018F258 /* Sources */ = {
			isa = PBXSourcesBuildPhase;
			buildActionMask = 2147483647;
			files = (
				F0DEACD41AB12AD80018F258 /* demoTests.m in Sources */,
			);
			runOnlyForDeploymentPostprocessing = 0;
		};
/* End PBXSourcesBuildPhase section */

/* Begin PBXTargetDependency section */
		F0DEACCF1AB12AD80018F258 /* PBXTargetDependency */ = {
			isa = PBXTargetDependency;
			target = F0DEACB31AB12AD80018F258 /* demo */;
			targetProxy = F0DEACCE1AB12AD80018F258 /* PBXContainerItemProxy */;
		};
/* End PBXTargetDependency section */

/* Begin PBXVariantGroup section */
		F0DEACC11AB12AD80018F258 /* Main.storyboard */ = {
			isa = PBXVariantGroup;
			children = (
				F0DEACC21AB12AD80018F258 /* Base */,
			);
			name = Main.storyboard;
			sourceTree = "<group>";
		};
		F0DEACC61AB12AD80018F258 /* LaunchScreen.xib */ = {
			isa = PBXVariantGroup;
			children = (
				F0DEACC71AB12AD80018F258 /* Base */,
			);
			name = LaunchScreen.xib;
			sourceTree = "<group>";
		};
/* End PBXVariantGroup section */

/* Begin XCBuildConfiguration section */
		F0DEACD51AB12AD80018F258 /* Debug */ = {
			isa = XCBuildConfiguration;
			buildSettings = {
				ALWAYS_SEARCH_USER_PATHS = NO;
				CLANG_CXX_LANGUAGE_STANDARD = "gnu++0x";
				CLANG_CXX_LIBRARY = "libc++";
				CLANG_ENABLE_MODULES = YES;
				CLANG_ENABLE_OBJC_ARC = YES;
				CLANG_WARN_BOOL_CONVERSION = YES;
				CLANG_WARN_CONSTANT_CONVERSION = YES;
				CLANG_WARN_DIRECT_OBJC_ISA_USAGE = YES_ERROR;
				CLANG_WARN_EMPTY_BODY = YES;
				CLANG_WARN_ENUM_CONVERSION = YES;
				CLANG_WARN_INT_CONVERSION = YES;
				CLANG_WARN_OBJC_ROOT_CLASS = YES_ERROR;
				CLANG_WARN_UNREACHABLE_CODE = YES;
				CLANG_WARN__DUPLICATE_METHOD_MATCH = YES;
				"CODE_SIGN_IDENTITY[sdk=iphoneos*]" = "iPhone Developer";
				COPY_PHASE_STRIP = NO;
				ENABLE_STRICT_OBJC_MSGSEND = YES;
				GCC_C_LANGUAGE_STANDARD = gnu99;
				GCC_DYNAMIC_NO_PIC = NO;
				GCC_OPTIMIZATION_LEVEL = 0;
				GCC_PREPROCESSOR_DEFINITIONS = (
					"DEBUG=1",
					"$(inherited)",
				);
				GCC_SYMBOLS_PRIVATE_EXTERN = NO;
				GCC_WARN_64_TO_32_BIT_CONVERSION = YES;
				GCC_WARN_ABOUT_RETURN_TYPE = YES_ERROR;
				GCC_WARN_UNDECLARED_SELECTOR = YES;
				GCC_WARN_UNINITIALIZED_AUTOS = YES_AGGRESSIVE;
				GCC_WARN_UNUSED_FUNCTION = YES;
				GCC_WARN_UNUSED_VARIABLE = YES;
				IPHONEOS_DEPLOYMENT_TARGET = 8.1;
				MTL_ENABLE_DEBUG_INFO = YES;
				ONLY_ACTIVE_ARCH = YES;
				SDKROOT = iphoneos;
			};
			name = Debug;
		};
		F0DEACD61AB12AD80018F258 /* Release */ = {
			isa = XCBuildConfiguration;
			buildSettings = {
				ALWAYS_SEARCH_USER_PATHS = NO;
				CLANG_CXX_LANGUAGE_STANDARD = "gnu++0x";
				CLANG_CXX_LIBRARY = "libc++";
				CLANG_ENABLE_MODULES = YES;
				CLANG_ENABLE_OBJC_ARC = YES;
				CLANG_WARN_BOOL_CONVERSION = YES;
				CLANG_WARN_CONSTANT_CONVERSION = YES;
				CLANG_WARN_DIRECT_OBJC_ISA_USAGE = YES_ERROR;
				CLANG_WARN_EMPTY_BODY = YES;
				CLANG_WARN_ENUM_CONVERSION = YES;
				CLANG_WARN_INT_CONVERSION = YES;
				CLANG_WARN_OBJC_ROOT_CLASS = YES_ERROR;
				CLANG_WARN_UNREACHABLE_CODE = YES;
				CLANG_WARN__DUPLICATE_METHOD_MATCH = YES;
				"CODE_SIGN_IDENTITY[sdk=iphoneos*]" = "iPhone Developer";
				COPY_PHASE_STRIP = YES;
				ENABLE_NS_ASSERTIONS = NO;
				ENABLE_STRICT_OBJC_MSGSEND = YES;
				GCC_C_LANGUAGE_STANDARD = gnu99;
				GCC_WARN_64_TO_32_BIT_CONVERSION = YES;
				GCC_WARN_ABOUT_RETURN_TYPE = YES_ERROR;
				GCC_WARN_UNDECLARED_SELECTOR = YES;
				GCC_WARN_UNINITIALIZED_AUTOS = YES_AGGRESSIVE;
				GCC_WARN_UNUSED_FUNCTION = YES;
				GCC_WARN_UNUSED_VARIABLE = YES;
				IPHONEOS_DEPLOYMENT_TARGET = 8.1;
				MTL_ENABLE_DEBUG_INFO = NO;
				SDKROOT = iphoneos;
				VALIDATE_PRODUCT = YES;
			};
			name = Release;
		};
		F0DEACD81AB12AD80018F258 /* Debug */ = {
			isa = XCBuildConfiguration;
			buildSettings = {
				ASSETCATALOG_COMPILER_APPICON_NAME = AppIcon;
				INFOPLIST_FILE = demo/Info.plist;
				LD_RUNPATH_SEARCH_PATHS = "$(inherited) @executable_path/Frameworks";
				PRODUCT_NAME = "$(TARGET_NAME)";
			};
			name = Debug;
		};
		F0DEACD91AB12AD80018F258 /* Release */ = {
			isa = XCBuildConfiguration;
			buildSettings = {
				ASSETCATALOG_COMPILER_APPICON_NAME = AppIcon;
				INFOPLIST_FILE = demo/Info.plist;
				LD_RUNPATH_SEARCH_PATHS = "$(inherited) @executable_path/Frameworks";
				PRODUCT_NAME = "$(TARGET_NAME)";
			};
			name = Release;
		};
		F0DEACDB1AB12AD80018F258 /* Debug */ = {
			isa = XCBuildConfiguration;
			buildSettings = {
				BUNDLE_LOADER = "$(TEST_HOST)";
				FRAMEWORK_SEARCH_PATHS = (
					"$(SDKROOT)/Developer/Library/Frameworks",
					"$(inherited)",
				);
				GCC_PREPROCESSOR_DEFINITIONS = (
					"DEBUG=1",
					"$(inherited)",
				);
				INFOPLIST_FILE = demoTests/Info.plist;
				LD_RUNPATH_SEARCH_PATHS = "$(inherited) @executable_path/Frameworks @loader_path/Frameworks";
				PRODUCT_NAME = "$(TARGET_NAME)";
				TEST_HOST = "$(BUILT_PRODUCTS_DIR)/demo.app/demo";
			};
			name = Debug;
		};
		F0DEACDC1AB12AD80018F258 /* Release */ = {
			isa = XCBuildConfiguration;
			buildSettings = {
				BUNDLE_LOADER = "$(TEST_HOST)";
				FRAMEWORK_SEARCH_PATHS = (
					"$(SDKROOT)/Developer/Library/Frameworks",
					"$(inherited)",
				);
				INFOPLIST_FILE = demoTests/Info.plist;
				LD_RUNPATH_SEARCH_PATHS = "$(inherited) @executable_path/Frameworks @loader_path/Frameworks";
				PRODUCT_NAME = "$(TARGET_NAME)";
				TEST_HOST = "$(BUILT_PRODUCTS_DIR)/demo.app/demo";
			};
			name = Release;
		};
/* End XCBuildConfiguration section */

/* Begin XCConfigurationList section */
		F0DEACAF1AB12AD80018F258 /* Build configuration list for PBXProject "demo" */ = {
			isa = XCConfigurationList;
			buildConfigurations = (
				F0DEACD51AB12AD80018F258 /* Debug */,
				F0DEACD61AB12AD80018F258 /* Release */,
			);
			defaultConfigurationIsVisible = 0;
			defaultConfigurationName = Release;
		};
		F0DEACD71AB12AD80018F258 /* Build configuration list for PBXNativeTarget "demo" */ = {
			isa = XCConfigurationList;
			buildConfigurations = (
				F0DEACD81AB12AD80018F258 /* Debug */,
				F0DEACD91AB12AD80018F258 /* Release */,
			);
			defaultConfigurationIsVisible = 0;
		};
		F0DEACDA1AB12AD80018F258 /* Build configuration list for PBXNativeTarget "demoTests" */ = {
			isa = XCConfigurationList;
			buildConfigurations = (
				F0DEACDB1AB12AD80018F258 /* Debug */,
				F0DEACDC1AB12AD80018F258 /* Release */,
			);
			defaultConfigurationIsVisible = 0;
		};
/* End XCConfigurationList section */
	};
	rootObject = F0DEACAC1AB12AD80018F258 /* Project object */;
}
